{
  "name": "prettygoat-cluster",
  "version": "4.2.0",
  "lockfileVersion": 1,
  "requires": true,
  "dependencies": {
    "@types/expect.js": {
      "version": "0.3.29",
      "resolved": "https://registry.npmjs.org/@types/expect.js/-/expect.js-0.3.29.tgz",
      "integrity": "sha1-KN01kVW4S47LCUr8P0t0wyItyjs=",
      "dev": true
    },
    "@types/lodash": {
      "version": "4.14.54",
      "resolved": "https://registry.npmjs.org/@types/lodash/-/lodash-4.14.54.tgz",
      "integrity": "sha1-KH27zZfV2mnCXKmfta+oHEg5t/o=",
      "dev": true
    },
    "@types/lolex": {
      "version": "1.5.32",
      "resolved": "https://registry.npmjs.org/@types/lolex/-/lolex-1.5.32.tgz",
      "integrity": "sha512-WfAVyw7FRCglsUep+0/VK52lHW53M0CSiQThkKQ+3TQyuorAwyYNokkNNdgD26u4EbaPPujMdCsZlSNb2x4g0w==",
      "dev": true
    },
    "@types/mocha": {
      "version": "2.2.44",
      "resolved": "https://registry.npmjs.org/@types/mocha/-/mocha-2.2.44.tgz",
      "integrity": "sha512-k2tWTQU8G4+iSMvqKi0Q9IIsWAp/n8xzdZS4Q4YVIltApoMA00wFBFdlJnmoaK1/z7B0Cy0yPe6GgXteSmdUNw==",
      "dev": true
    },
    "@types/node": {
      "version": "6.0.90",
      "resolved": "https://registry.npmjs.org/@types/node/-/node-6.0.90.tgz",
      "integrity": "sha512-tXoGRVdi7wZX7P1VWoV9Wfk0uYDOAHdEYXAttuWgSrN76Q32wQlSrMX0Rgyv3RTEaQY2ZLQrzYHVM2e8rfo8sA==",
      "dev": true
    },
    "@types/socket.io": {
      "version": "1.4.31",
      "resolved": "https://registry.npmjs.org/@types/socket.io/-/socket.io-1.4.31.tgz",
      "integrity": "sha512-HnO78rKiAx+tCEKYFurJvKLNAluN9B0V+yLnkJEY9BVwmCXHA7oKeLCymqP/uAgx0t+un/JM+GJOTwNQJ+ODvQ==",
      "dev": true,
      "requires": {
        "@types/node": "6.0.90"
      }
    },
    "@types/socket.io-redis": {
      "version": "1.0.22",
      "resolved": "https://registry.npmjs.org/@types/socket.io-redis/-/socket.io-redis-1.0.22.tgz",
      "integrity": "sha512-52u6EltKfCpheHQm5qs5uzlPtjtpGd9fkt7h5M4S3QJqxbvsfLVP57oB2N7It/sVp0UJ7GFuB5rqO/pdH5wKWg==",
      "dev": true,
      "requires": {
        "@types/socket.io": "1.4.31"
      }
    },
    "accepts": {
      "version": "1.1.4",
      "resolved": "https://registry.npmjs.org/accepts/-/accepts-1.1.4.tgz",
      "integrity": "sha1-1xyW99QdD+2iw4zRToonwEFY30o=",
      "requires": {
        "mime-types": "2.0.14",
        "negotiator": "0.4.9"
      }
    },
    "after": {
      "version": "0.8.1",
      "resolved": "https://registry.npmjs.org/after/-/after-0.8.1.tgz",
      "integrity": "sha1-q11PuIP1loFtNRX495HAr0ht1ic="
    },
    "ansi-color": {
      "version": "0.2.1",
      "resolved": "https://registry.npmjs.org/ansi-color/-/ansi-color-0.2.1.tgz",
      "integrity": "sha1-PnXAN0dSF1RO12Oo21cJ+prlv5o="
    },
    "arraybuffer.slice": {
      "version": "0.0.6",
      "resolved": "https://registry.npmjs.org/arraybuffer.slice/-/arraybuffer.slice-0.0.6.tgz",
      "integrity": "sha1-8zshWfBTKj8xB6JywMz70a0peco="
    },
    "async": {
      "version": "2.1.4",
      "resolved": "https://registry.npmjs.org/async/-/async-2.1.4.tgz",
      "integrity": "sha1-LSFgx3iAMuTdbL4lAvH5osj2zeQ=",
      "requires": {
        "lodash": "4.17.4"
      },
      "dependencies": {
        "lodash": {
          "version": "4.17.4",
          "resolved": "https://registry.npmjs.org/lodash/-/lodash-4.17.4.tgz",
          "integrity": "sha1-eCA6TRwyiuHYbcpkYONptX9AVa4="
        }
      }
    },
    "backo2": {
      "version": "1.0.2",
      "resolved": "https://registry.npmjs.org/backo2/-/backo2-1.0.2.tgz",
      "integrity": "sha1-MasayLEpNjRj41s+u2n038+6eUc="
    },
    "base64-arraybuffer": {
      "version": "0.1.2",
      "resolved": "https://registry.npmjs.org/base64-arraybuffer/-/base64-arraybuffer-0.1.2.tgz",
      "integrity": "sha1-R030qfLaJOBd8xWMOx2zw81GoVQ="
    },
    "base64id": {
      "version": "0.1.0",
      "resolved": "https://registry.npmjs.org/base64id/-/base64id-0.1.0.tgz",
      "integrity": "sha1-As4P3u4M709ACA4ec+g08LG/zj8="
    },
    "benchmark": {
      "version": "1.0.0",
      "resolved": "https://registry.npmjs.org/benchmark/-/benchmark-1.0.0.tgz",
      "integrity": "sha1-Lx4vpMNZ8REiqhgwgiGOlX45DHM="
    },
    "better-assert": {
      "version": "1.0.2",
      "resolved": "https://registry.npmjs.org/better-assert/-/better-assert-1.0.2.tgz",
      "integrity": "sha1-QIZrnhueC1W0gYlDEeaPr/rrxSI=",
      "requires": {
        "callsite": "1.0.0"
      }
    },
    "bindings": {
      "version": "1.2.1",
      "resolved": "https://registry.npmjs.org/bindings/-/bindings-1.2.1.tgz",
      "integrity": "sha1-FK1hE4EtLTfXLme0ystLtyZQXxE="
    },
    "blob": {
      "version": "0.0.4",
      "resolved": "https://registry.npmjs.org/blob/-/blob-0.0.4.tgz",
      "integrity": "sha1-vPEwUspURj8w+fx+lbmkdjCpSSE="
    },
    "body": {
      "version": "5.1.0",
      "resolved": "https://registry.npmjs.org/body/-/body-5.1.0.tgz",
      "integrity": "sha1-5LoM5BCkaTYyM2dgnstOZVMSUGk=",
      "requires": {
        "continuable-cache": "0.3.1",
        "error": "7.0.2",
        "raw-body": "1.1.7",
        "safe-json-parse": "1.0.1"
      },
      "dependencies": {
        "error": {
          "version": "7.0.2",
          "resolved": "https://registry.npmjs.org/error/-/error-7.0.2.tgz",
          "integrity": "sha1-pfdf/02ZJhJt2sDqXcOOaJFTywI=",
          "requires": {
            "string-template": "0.2.1",
            "xtend": "4.0.1"
          }
        }
      }
    },
    "bufrw": {
      "version": "1.2.1",
      "resolved": "https://registry.npmjs.org/bufrw/-/bufrw-1.2.1.tgz",
      "integrity": "sha1-k/IiIptPX14s1VkjaJFAf5hTZjs=",
      "requires": {
        "ansi-color": "0.2.1",
        "error": "7.0.2",
        "xtend": "4.0.1"
      },
      "dependencies": {
        "error": {
          "version": "7.0.2",
          "resolved": "https://registry.npmjs.org/error/-/error-7.0.2.tgz",
          "integrity": "sha1-pfdf/02ZJhJt2sDqXcOOaJFTywI=",
          "requires": {
            "string-template": "0.2.1",
            "xtend": "4.0.1"
          }
        }
      }
    },
    "bytes": {
      "version": "1.0.0",
      "resolved": "https://registry.npmjs.org/bytes/-/bytes-1.0.0.tgz",
      "integrity": "sha1-NWnt6Lo0MV+rmcPpLLBMciDeH6g="
    },
    "callsite": {
      "version": "1.0.0",
      "resolved": "https://registry.npmjs.org/callsite/-/callsite-1.0.0.tgz",
      "integrity": "sha1-KAOY5dZkvXQDi28JBRU+borxvCA="
    },
    "camelize": {
      "version": "1.0.0",
      "resolved": "https://registry.npmjs.org/camelize/-/camelize-1.0.0.tgz",
      "integrity": "sha1-FkpUg+Yw+kMh5a8HAg5TGDGyYJs="
    },
    "component-bind": {
      "version": "1.0.0",
      "resolved": "https://registry.npmjs.org/component-bind/-/component-bind-1.0.0.tgz",
      "integrity": "sha1-AMYIq33Nk4l8AAllGx06jh5zu9E="
    },
    "component-emitter": {
      "version": "1.1.2",
      "resolved": "https://registry.npmjs.org/component-emitter/-/component-emitter-1.1.2.tgz",
      "integrity": "sha1-KWWU8nU9qmOZbSrwjRWpURbJrsM="
    },
    "component-inherit": {
      "version": "0.0.3",
      "resolved": "https://registry.npmjs.org/component-inherit/-/component-inherit-0.0.3.tgz",
      "integrity": "sha1-ZF/ErfWLcrZJ1crmUTVhnbJv8UM="
    },
    "continuable-cache": {
      "version": "0.3.1",
      "resolved": "https://registry.npmjs.org/continuable-cache/-/continuable-cache-0.3.1.tgz",
      "integrity": "sha1-vXJ6f67XfnH/OYWskzUakSczrQ8="
    },
    "cookies": {
      "version": "0.3.8",
      "resolved": "https://registry.npmjs.org/cookies/-/cookies-0.3.8.tgz",
      "integrity": "sha1-kv5QkY89Va7Erp2Xi83doq2ijOk="
    },
    "core-util-is": {
      "version": "1.0.2",
      "resolved": "https://registry.npmjs.org/core-util-is/-/core-util-is-1.0.2.tgz",
      "integrity": "sha1-tf1UIgqivFq1eqtxQMlAdUUDwac="
    },
    "crc": {
      "version": "3.2.1",
      "resolved": "https://registry.npmjs.org/crc/-/crc-3.2.1.tgz",
      "integrity": "sha1-XZyPt3okXNXsopHl0tAFM0urAII="
    },
    "debug": {
      "version": "2.2.0",
      "resolved": "https://registry.npmjs.org/debug/-/debug-2.2.0.tgz",
      "integrity": "sha1-+HBX6ZWxofauaklgZkE3vFbwOdo=",
      "requires": {
        "ms": "0.7.1"
      }
    },
    "depd": {
      "version": "1.1.1",
      "resolved": "https://registry.npmjs.org/depd/-/depd-1.1.1.tgz",
      "integrity": "sha1-V4O04cRZ8G+lyif5kfPQbnoxA1k="
    },
    "double-ended-queue": {
      "version": "2.1.0-0",
      "resolved": "https://registry.npmjs.org/double-ended-queue/-/double-ended-queue-2.1.0-0.tgz",
      "integrity": "sha1-ED01J/0xUo9AGIEwyEHv3XgmTlw="
    },
    "engine.io": {
      "version": "1.6.11",
      "resolved": "https://registry.npmjs.org/engine.io/-/engine.io-1.6.11.tgz",
      "integrity": "sha1-JTOpemWHbED/z5U5e375tJXEI/4=",
      "requires": {
        "accepts": "1.1.4",
        "base64id": "0.1.0",
        "debug": "2.2.0",
        "engine.io-parser": "1.2.4",
        "ws": "1.1.0"
      }
    },
    "engine.io-client": {
      "version": "1.6.11",
      "resolved": "https://registry.npmjs.org/engine.io-client/-/engine.io-client-1.6.11.tgz",
      "integrity": "sha1-fSUNj6HCGBGezeUTkEWKV9UXE3Y=",
      "requires": {
        "component-emitter": "1.1.2",
        "component-inherit": "0.0.3",
        "debug": "2.2.0",
        "engine.io-parser": "1.2.4",
        "has-cors": "1.1.0",
        "indexof": "0.0.1",
        "parsejson": "0.0.1",
        "parseqs": "0.0.2",
        "parseuri": "0.0.4",
        "ws": "1.0.1",
        "xmlhttprequest-ssl": "1.5.1",
        "yeast": "0.1.2"
      },
      "dependencies": {
        "ws": {
          "version": "1.0.1",
          "resolved": "https://registry.npmjs.org/ws/-/ws-1.0.1.tgz",
          "integrity": "sha1-fQsqLljN3YGQOcKcneZQReGzEOk=",
          "requires": {
            "options": "0.0.6",
            "ultron": "1.0.2"
          }
        }
      }
    },
    "engine.io-parser": {
      "version": "1.2.4",
      "resolved": "https://registry.npmjs.org/engine.io-parser/-/engine.io-parser-1.2.4.tgz",
      "integrity": "sha1-4Il7C/FOeS1M0qWVBVORnFaUjEI=",
      "requires": {
        "after": "0.8.1",
        "arraybuffer.slice": "0.0.6",
        "base64-arraybuffer": "0.1.2",
        "blob": "0.0.4",
        "has-binary": "0.1.6",
        "utf8": "2.1.0"
      },
      "dependencies": {
        "has-binary": {
          "version": "0.1.6",
          "resolved": "https://registry.npmjs.org/has-binary/-/has-binary-0.1.6.tgz",
          "integrity": "sha1-JTJvOc+k9hath4eJTjryz7x7bhA=",
          "requires": {
            "isarray": "0.0.1"
          }
        }
      }
    },
    "error": {
      "version": "5.2.0",
      "resolved": "https://registry.npmjs.org/error/-/error-5.2.0.tgz",
      "integrity": "sha1-P7WdFnkAWEZkgfrhYBLmnkMvukI=",
      "requires": {
        "camelize": "1.0.0",
        "is-error": "2.2.1",
        "string-template": "0.2.1",
        "xtend": "4.0.1"
      }
    },
    "event-lite": {
      "version": "0.1.1",
      "resolved": "https://registry.npmjs.org/event-lite/-/event-lite-0.1.1.tgz",
      "integrity": "sha1-R88IqNN9C2lM23s7F7UfqsZXYIY="
    },
    "expect.js": {
      "version": "0.3.1",
      "resolved": "https://registry.npmjs.org/expect.js/-/expect.js-0.3.1.tgz",
      "integrity": "sha1-sKWaDS7/VDdUTr8M6qYBWEHQm1s=",
      "dev": true
    },
    "farmhash": {
      "version": "1.2.1",
      "resolved": "https://registry.npmjs.org/farmhash/-/farmhash-1.2.1.tgz",
      "integrity": "sha1-Lb8SYE71yh8UIPtmAPzLMNVHTf0=",
      "requires": {
        "nan": "2.7.0"
      }
    },
    "hammock": {
      "version": "2.0.1",
      "resolved": "https://registry.npmjs.org/hammock/-/hammock-2.0.1.tgz",
      "integrity": "sha1-VcwThM32Ly22WhvKxTkT/G1diCg=",
      "requires": {
        "cookies": "0.3.8",
        "lodash": "3.10.1",
        "readable-stream": "1.0.34"
      },
      "dependencies": {
        "lodash": {
          "version": "3.10.1",
          "resolved": "https://registry.npmjs.org/lodash/-/lodash-3.10.1.tgz",
          "integrity": "sha1-W/Rejkm6QYnhfUgnid/RW9FAt7Y="
        }
      }
    },
    "has-binary": {
      "version": "0.1.7",
      "resolved": "https://registry.npmjs.org/has-binary/-/has-binary-0.1.7.tgz",
      "integrity": "sha1-aOYesWIQyVRaClzOBqhzkS/h5ow=",
      "requires": {
        "isarray": "0.0.1"
      }
    },
    "has-cors": {
      "version": "1.1.0",
      "resolved": "https://registry.npmjs.org/has-cors/-/has-cors-1.1.0.tgz",
      "integrity": "sha1-XkdHk/fqmEPRu5nCPu9J/xJv/zk="
    },
    "http-errors": {
      "version": "1.6.2",
      "resolved": "https://registry.npmjs.org/http-errors/-/http-errors-1.6.2.tgz",
      "integrity": "sha1-CgAsyFcHGSp+eUbO7cERVfYOxzY=",
      "requires": {
        "depd": "1.1.1",
        "inherits": "2.0.3",
        "setprototypeof": "1.0.3",
        "statuses": "1.4.0"
      }
    },
    "iconv-lite": {
      "version": "0.4.19",
      "resolved": "https://registry.npmjs.org/iconv-lite/-/iconv-lite-0.4.19.tgz",
      "integrity": "sha512-oTZqweIP51xaGPI4uPa56/Pri/480R+mo7SeU+YETByQNhDG55ycFyNLIgta9vXhILrxXDmF7ZGhqZIcuN0gJQ=="
    },
    "ieee754": {
      "version": "1.1.8",
      "resolved": "https://registry.npmjs.org/ieee754/-/ieee754-1.1.8.tgz",
      "integrity": "sha1-vjPUCsEO8ZJnAfbwii2G+/0a0+Q="
    },
    "indexof": {
      "version": "0.0.1",
      "resolved": "https://registry.npmjs.org/indexof/-/indexof-0.0.1.tgz",
      "integrity": "sha1-gtwzbSMrkGIXnQWrMpOmYFn9Q10="
    },
    "individual": {
      "version": "2.0.0",
      "resolved": "https://registry.npmjs.org/individual/-/individual-2.0.0.tgz",
      "integrity": "sha1-gzsJfa0jKU52EXqY+zjg2a1hu5c="
    },
    "inherits": {
      "version": "2.0.3",
      "resolved": "https://registry.npmjs.org/inherits/-/inherits-2.0.3.tgz",
      "integrity": "sha1-Yzwsg+PaQqUC9SRmAiSA9CCCYd4="
    },
    "int64-buffer": {
      "version": "0.1.9",
      "resolved": "https://registry.npmjs.org/int64-buffer/-/int64-buffer-0.1.9.tgz",
      "integrity": "sha1-ngOdoEOyT3ixlrKD4EZT716ZD2E="
    },
    "inversify": {
      "version": "4.5.1",
      "resolved": "https://registry.npmjs.org/inversify/-/inversify-4.5.1.tgz",
      "integrity": "sha512-iTGJ/1sN5og+7iYVbsk8K2WY7dvJfVadMish4No7WGTGNKmLCtudNaMEhaZp8MFHKViUJbh/7U85t5J6qFAQkg=="
    },
    "is-error": {
      "version": "2.2.1",
      "resolved": "https://registry.npmjs.org/is-error/-/is-error-2.2.1.tgz",
      "integrity": "sha1-aEqW2EB2V3yY9M20DG0mpRI78Zw="
    },
    "isarray": {
      "version": "0.0.1",
      "resolved": "https://registry.npmjs.org/isarray/-/isarray-0.0.1.tgz",
      "integrity": "sha1-ihis/Kmo9Bd+Cav8YDiTmwXR7t8="
    },
    "json-stringify-safe": {
      "version": "5.0.1",
      "resolved": "https://registry.npmjs.org/json-stringify-safe/-/json-stringify-safe-5.0.1.tgz",
      "integrity": "sha1-Epai1Y/UXxmg9s4B1lcB4sc1tus="
    },
    "json3": {
      "version": "3.2.6",
      "resolved": "https://registry.npmjs.org/json3/-/json3-3.2.6.tgz",
      "integrity": "sha1-9u/JPAagTemuxTBT3yVZuxniA4s="
    },
    "lodash": {
      "version": "4.13.1",
      "resolved": "https://registry.npmjs.org/lodash/-/lodash-4.13.1.tgz",
      "integrity": "sha1-g+SxCRP0hJbU0W/sSlYK8u50S2g="
    },
    "lolex": {
      "version": "1.5.2",
      "resolved": "https://registry.npmjs.org/lolex/-/lolex-1.5.2.tgz",
      "integrity": "sha1-lKTOQcYRhaBemLhmDcUJQjrBxBY=",
      "dev": true
    },
    "long": {
      "version": "2.4.0",
      "resolved": "https://registry.npmjs.org/long/-/long-2.4.0.tgz",
      "integrity": "sha1-n6GAux2VAM3CnEFWdmoZleH0Uk8="
    },
    "metrics": {
      "version": "0.1.14",
      "resolved": "https://registry.npmjs.org/metrics/-/metrics-0.1.14.tgz",
      "integrity": "sha1-jQ5H4aiyLEduTDYc5ydAWP+ZsZk="
    },
    "mime-db": {
      "version": "1.12.0",
      "resolved": "https://registry.npmjs.org/mime-db/-/mime-db-1.12.0.tgz",
      "integrity": "sha1-PQxjGA9FjrENMlqqN9fFiuMS6dc="
    },
    "mime-types": {
      "version": "2.0.14",
      "resolved": "https://registry.npmjs.org/mime-types/-/mime-types-2.0.14.tgz",
      "integrity": "sha1-MQ4VnbI+B3+Lsit0jav6SVcUCqY=",
      "requires": {
        "mime-db": "1.12.0"
      }
    },
    "minimist": {
      "version": "1.2.0",
      "resolved": "https://registry.npmjs.org/minimist/-/minimist-1.2.0.tgz",
      "integrity": "sha1-o1AIsg9BOD7sH7kU9M1d95omQoQ="
    },
    "ms": {
      "version": "0.7.1",
      "resolved": "https://registry.npmjs.org/ms/-/ms-0.7.1.tgz",
      "integrity": "sha1-nNE8A62/8ltl7/3nzoZO6VIBcJg="
    },
    "msgpack-lite": {
      "version": "0.1.26",
      "resolved": "https://registry.npmjs.org/msgpack-lite/-/msgpack-lite-0.1.26.tgz",
      "integrity": "sha1-3TxQsm8FnyXn7e42REGDWOKprYk=",
      "requires": {
        "event-lite": "0.1.1",
        "ieee754": "1.1.8",
        "int64-buffer": "0.1.9",
        "isarray": "1.0.0"
      },
      "dependencies": {
        "isarray": {
          "version": "1.0.0",
          "resolved": "https://registry.npmjs.org/isarray/-/isarray-1.0.0.tgz",
          "integrity": "sha1-u5NdSFgsuhaMBoNJV6VKPgcSTxE="
        }
      }
    },
    "nan": {
      "version": "2.7.0",
      "resolved": "https://registry.npmjs.org/nan/-/nan-2.7.0.tgz",
      "integrity": "sha1-2Vv3IeyHfgjbJ27T/G63j5CDrUY="
    },
    "negotiator": {
      "version": "0.4.9",
      "resolved": "https://registry.npmjs.org/negotiator/-/negotiator-0.4.9.tgz",
      "integrity": "sha1-kuRrbbU8fkIe1koryU8IvnYw3z8="
    },
    "node-uuid": {
      "version": "1.4.8",
      "resolved": "https://registry.npmjs.org/node-uuid/-/node-uuid-1.4.8.tgz",
      "integrity": "sha1-sEDrCSOWivq/jTL7HxfxFn/auQc="
    },
    "object-component": {
      "version": "0.0.3",
      "resolved": "https://registry.npmjs.org/object-component/-/object-component-0.0.3.tgz",
      "integrity": "sha1-8MaapQ78lbhmwYb0AKM3acsvEpE="
    },
    "options": {
      "version": "0.0.6",
      "resolved": "https://registry.npmjs.org/options/-/options-0.0.6.tgz",
      "integrity": "sha1-7CLTEoBrtT5zF3Pnza788cZDEo8="
    },
    "parsejson": {
      "version": "0.0.1",
      "resolved": "https://registry.npmjs.org/parsejson/-/parsejson-0.0.1.tgz",
      "integrity": "sha1-mxDGwNglq1ieaFFTgm3go7oni8w=",
      "requires": {
        "better-assert": "1.0.2"
      }
    },
    "parseqs": {
      "version": "0.0.2",
      "resolved": "https://registry.npmjs.org/parseqs/-/parseqs-0.0.2.tgz",
      "integrity": "sha1-nf5wss3aw4i95PNbHyQPpYrb5sc=",
      "requires": {
        "better-assert": "1.0.2"
      }
    },
    "parseuri": {
      "version": "0.0.4",
      "resolved": "https://registry.npmjs.org/parseuri/-/parseuri-0.0.4.tgz",
      "integrity": "sha1-gGWCo5iH4eoY3V4v4OAZAiaOk1A=",
      "requires": {
        "better-assert": "1.0.2"
      }
    },
    "postinstall-build": {
      "version": "2.1.3",
      "resolved": "https://registry.npmjs.org/postinstall-build/-/postinstall-build-2.1.3.tgz",
      "integrity": "sha1-nRiGqylJYZ9MIGr74a6pXevkXJQ=",
      "dev": true
    },
    "process": {
      "version": "0.11.1",
      "resolved": "https://registry.npmjs.org/process/-/process-0.11.1.tgz",
      "integrity": "sha1-7jvstDNe3zyLFMy/fhehElpEMa4="
    },
    "raw-body": {
      "version": "1.1.7",
      "resolved": "https://registry.npmjs.org/raw-body/-/raw-body-1.1.7.tgz",
      "integrity": "sha1-HQJ8K/oRasxmI7yo8AAWVyqH1CU=",
      "requires": {
        "bytes": "1.0.0",
        "string_decoder": "0.10.31"
      }
    },
    "readable-stream": {
      "version": "1.0.34",
      "resolved": "https://registry.npmjs.org/readable-stream/-/readable-stream-1.0.34.tgz",
      "integrity": "sha1-Elgg40vIQtLyqq+v5MKRbuMsFXw=",
      "requires": {
        "core-util-is": "1.0.2",
        "inherits": "2.0.3",
        "isarray": "0.0.1",
        "string_decoder": "0.10.31"
      }
    },
    "ready-signal": {
      "version": "1.3.0",
      "resolved": "https://registry.npmjs.org/ready-signal/-/ready-signal-1.3.0.tgz",
      "integrity": "sha1-VUA/kg4eHyqLBloii5pj77Cjwts="
    },
    "redis": {
      "version": "2.6.3",
      "resolved": "https://registry.npmjs.org/redis/-/redis-2.6.3.tgz",
      "integrity": "sha1-hDBbklU8ah8Jx8R8MLEazn27etQ=",
      "requires": {
        "double-ended-queue": "2.1.0-0",
        "redis-commands": "1.3.1",
        "redis-parser": "2.6.0"
      }
    },
    "redis-commands": {
      "version": "1.3.1",
      "resolved": "https://registry.npmjs.org/redis-commands/-/redis-commands-1.3.1.tgz",
      "integrity": "sha1-gdgm9F+pyLIBH0zXoP5ZfSQdRCs="
    },
    "redis-parser": {
      "version": "2.6.0",
      "resolved": "https://registry.npmjs.org/redis-parser/-/redis-parser-2.6.0.tgz",
      "integrity": "sha1-Uu0J2srBCPGmMcB+m2mUHnoZUEs="
    },
    "reflect-metadata": {
      "version": "0.1.8",
      "resolved": "https://registry.npmjs.org/reflect-metadata/-/reflect-metadata-0.1.8.tgz",
      "integrity": "sha1-ckJtVwtgd242iJaL1auVN6Fc7PY="
    },
    "ringpop": {
      "version": "10.18.0",
      "resolved": "https://registry.npmjs.org/ringpop/-/ringpop-10.18.0.tgz",
      "integrity": "sha1-BIPIDh+/xahZm5CtLWTbSfoGNBY=",
      "requires": {
        "body": "5.1.0",
        "error": "5.2.0",
        "farmhash": "1.2.1",
        "hammock": "2.0.1",
        "metrics": "0.1.14",
        "node-uuid": "1.4.8",
        "toobusy-js": "0.5.1",
        "underscore": "1.8.3"
      }
    },
    "run-parallel": {
      "version": "1.1.6",
      "resolved": "https://registry.npmjs.org/run-parallel/-/run-parallel-1.1.6.tgz",
      "integrity": "sha1-KQA8miFj4B4tLfyQV18sbB1hoDk="
    },
    "run-series": {
      "version": "1.1.4",
      "resolved": "https://registry.npmjs.org/run-series/-/run-series-1.1.4.tgz",
      "integrity": "sha1-iac93F51ye+KtjIMChYA1qQRebk="
    },
    "rust-result": {
      "version": "1.0.0",
      "resolved": "https://registry.npmjs.org/rust-result/-/rust-result-1.0.0.tgz",
      "integrity": "sha1-NMdbLm3Dn+WHXlveyFteD5FTb3I=",
      "requires": {
        "individual": "2.0.0"
      }
    },
    "rxjs": {
      "version": "5.4.3",
      "resolved": "https://registry.npmjs.org/rxjs/-/rxjs-5.4.3.tgz",
      "integrity": "sha512-fSNi+y+P9ss+EZuV0GcIIqPUK07DEaMRUtLJvdcvMyFjc9dizuDjere+A4V7JrLGnm9iCc+nagV/4QdMTkqC4A==",
      "requires": {
        "symbol-observable": "1.0.4"
      }
    },
    "safe-json-parse": {
      "version": "1.0.1",
      "resolved": "https://registry.npmjs.org/safe-json-parse/-/safe-json-parse-1.0.1.tgz",
      "integrity": "sha1-PnZyPjjf3aE8mx0poeB//uSzC1c="
    },
    "setprototypeof": {
      "version": "1.0.3",
      "resolved": "https://registry.npmjs.org/setprototypeof/-/setprototypeof-1.0.3.tgz",
      "integrity": "sha1-ZlZ+NwQ+608E2RvWWMDL77VbjgQ="
    },
    "socket.io": {
      "version": "1.4.8",
      "resolved": "https://registry.npmjs.org/socket.io/-/socket.io-1.4.8.tgz",
      "integrity": "sha1-5XbzMM0L7WTlWz/SbfmRFBiEhns=",
      "requires": {
        "debug": "2.2.0",
        "engine.io": "1.6.11",
        "has-binary": "0.1.7",
        "socket.io-adapter": "0.4.0",
        "socket.io-client": "1.4.8",
        "socket.io-parser": "2.2.6"
      }
    },
    "socket.io-adapter": {
      "version": "0.4.0",
      "resolved": "https://registry.npmjs.org/socket.io-adapter/-/socket.io-adapter-0.4.0.tgz",
      "integrity": "sha1-+5+CqxqmUpC/csNleVW5MKmRok8=",
      "requires": {
        "debug": "2.2.0",
        "socket.io-parser": "2.2.2"
      },
      "dependencies": {
        "socket.io-parser": {
          "version": "2.2.2",
          "resolved": "https://registry.npmjs.org/socket.io-parser/-/socket.io-parser-2.2.2.tgz",
          "integrity": "sha1-PXr2tkSX6Va32f53X5mXFgJ/lBc=",
          "requires": {
            "benchmark": "1.0.0",
            "component-emitter": "1.1.2",
            "debug": "0.7.4",
            "isarray": "0.0.1",
            "json3": "3.2.6"
          },
          "dependencies": {
            "debug": {
              "version": "0.7.4",
              "resolved": "https://registry.npmjs.org/debug/-/debug-0.7.4.tgz",
              "integrity": "sha1-BuHqgILCyxTjmAbiLi9vdX+Srzk="
            }
          }
        }
      }
    },
    "socket.io-client": {
      "version": "1.4.8",
      "resolved": "https://registry.npmjs.org/socket.io-client/-/socket.io-client-1.4.8.tgz",
      "integrity": "sha1-SBskHnPfFA6hpPsDSGqFrQl/VVg=",
      "requires": {
        "backo2": "1.0.2",
        "component-bind": "1.0.0",
        "component-emitter": "1.2.0",
        "debug": "2.2.0",
        "engine.io-client": "1.6.11",
        "has-binary": "0.1.7",
        "indexof": "0.0.1",
        "object-component": "0.0.3",
        "parseuri": "0.0.4",
        "socket.io-parser": "2.2.6",
        "to-array": "0.1.4"
      },
      "dependencies": {
        "component-emitter": {
          "version": "1.2.0",
          "resolved": "https://registry.npmjs.org/component-emitter/-/component-emitter-1.2.0.tgz",
          "integrity": "sha1-zNETqGOI0GSC0D3j/H35hSa6jv4="
        }
      }
    },
    "socket.io-parser": {
      "version": "2.2.6",
      "resolved": "https://registry.npmjs.org/socket.io-parser/-/socket.io-parser-2.2.6.tgz",
      "integrity": "sha1-ON/WHfUNz4qx2eIJEyK/kCuii5k=",
      "requires": {
        "benchmark": "1.0.0",
        "component-emitter": "1.1.2",
        "debug": "2.2.0",
        "isarray": "0.0.1",
        "json3": "3.3.2"
      },
      "dependencies": {
        "json3": {
          "version": "3.3.2",
          "resolved": "https://registry.npmjs.org/json3/-/json3-3.3.2.tgz",
          "integrity": "sha1-PAQ0dD35Pi9cQq7nsZvLSDV19OE="
        }
      }
    },
    "socket.io-redis": {
      "version": "3.1.0",
      "resolved": "https://registry.npmjs.org/socket.io-redis/-/socket.io-redis-3.1.0.tgz",
      "integrity": "sha1-3+ru3PLIKfmcqZmhrqFi/erhqXw=",
      "requires": {
        "async": "2.1.4",
        "debug": "2.3.3",
        "msgpack-lite": "0.1.26",
        "redis": "2.6.3",
        "socket.io-adapter": "0.5.0",
        "uid2": "0.0.3"
      },
      "dependencies": {
        "debug": {
          "version": "2.3.3",
          "resolved": "https://registry.npmjs.org/debug/-/debug-2.3.3.tgz",
          "integrity": "sha1-QMRT5n5uE8kB3ewxeviYbNqe/4w=",
          "requires": {
            "ms": "0.7.2"
          }
        },
        "json3": {
          "version": "3.3.2",
          "resolved": "https://registry.npmjs.org/json3/-/json3-3.3.2.tgz",
          "integrity": "sha1-PAQ0dD35Pi9cQq7nsZvLSDV19OE="
        },
        "ms": {
          "version": "0.7.2",
          "resolved": "https://registry.npmjs.org/ms/-/ms-0.7.2.tgz",
          "integrity": "sha1-riXPJRKziFodldfwN4aNhDESR2U="
        },
        "socket.io-adapter": {
          "version": "0.5.0",
          "resolved": "https://registry.npmjs.org/socket.io-adapter/-/socket.io-adapter-0.5.0.tgz",
          "integrity": "sha1-y21LuL7IHhB4uZZ3+c7QBGBmu4s=",
          "requires": {
            "debug": "2.3.3",
            "socket.io-parser": "2.3.1"
          }
        },
        "socket.io-parser": {
          "version": "2.3.1",
          "resolved": "https://registry.npmjs.org/socket.io-parser/-/socket.io-parser-2.3.1.tgz",
          "integrity": "sha1-3VMgJRA85Clpcya+/WQAX8/ltKA=",
          "requires": {
            "component-emitter": "1.1.2",
            "debug": "2.2.0",
            "isarray": "0.0.1",
            "json3": "3.3.2"
          },
          "dependencies": {
            "debug": {
              "version": "2.2.0",
              "resolved": "https://registry.npmjs.org/debug/-/debug-2.2.0.tgz",
              "integrity": "sha1-+HBX6ZWxofauaklgZkE3vFbwOdo=",
              "requires": {
                "ms": "0.7.1"
              }
            },
            "ms": {
              "version": "0.7.1",
              "resolved": "https://registry.npmjs.org/ms/-/ms-0.7.1.tgz",
              "integrity": "sha1-nNE8A62/8ltl7/3nzoZO6VIBcJg="
            }
          }
        }
      }
    },
    "sse4_crc32": {
      "version": "4.1.1",
      "resolved": "https://registry.npmjs.org/sse4_crc32/-/sse4_crc32-4.1.1.tgz",
      "integrity": "sha1-e+5K0iWErEs+DngbS8sV+Z+xUtE=",
      "requires": {
        "bindings": "1.2.1",
        "nan": "2.7.0"
      }
    },
    "statuses": {
      "version": "1.4.0",
      "resolved": "https://registry.npmjs.org/statuses/-/statuses-1.4.0.tgz",
      "integrity": "sha512-zhSCtt8v2NDrRlPQpCNtw/heZLtfUDqxBM1udqikb/Hbk52LK4nQSwr10u77iopCW5LsyHpuXS0GnEc48mLeew=="
    },
    "string-template": {
      "version": "0.2.1",
      "resolved": "https://registry.npmjs.org/string-template/-/string-template-0.2.1.tgz",
      "integrity": "sha1-QpMuWYo1LQH8IuwzZ9nYTuxsmt0="
    },
    "string_decoder": {
      "version": "0.10.31",
      "resolved": "https://registry.npmjs.org/string_decoder/-/string_decoder-0.10.31.tgz",
      "integrity": "sha1-YuIDvEF2bGwoyfyEMB2rHFMQ+pQ="
    },
    "symbol-observable": {
      "version": "1.0.4",
      "resolved": "https://registry.npmjs.org/symbol-observable/-/symbol-observable-1.0.4.tgz",
      "integrity": "sha1-Kb9hXUqnEhvdiYsi1LP5vE4qoD0="
    },
    "tape-cluster": {
      "version": "2.1.0",
      "resolved": "https://registry.npmjs.org/tape-cluster/-/tape-cluster-2.1.0.tgz",
      "integrity": "sha1-C+FBuDN09fXSX4wwfL45FrfcR/4="
    },
    "tchannel": {
      "version": "3.9.11",
      "resolved": "https://registry.npmjs.org/tchannel/-/tchannel-3.9.11.tgz",
      "integrity": "sha1-UgbGcBFlbjNMwzR+YMXvCN6gIuU=",
      "requires": {
        "bufrw": "1.2.1",
        "crc": "3.2.1",
        "error": "7.0.2",
        "farmhash": "1.1.0",
        "json-stringify-safe": "5.0.1",
        "metrics": "0.1.14",
        "minimist": "1.2.0",
        "process": "0.11.1",
        "raw-body": "2.3.2",
        "ready-signal": "1.3.0",
        "run-parallel": "1.1.6",
        "run-series": "1.1.4",
        "safe-json-parse": "4.0.0",
        "sse4_crc32": "4.1.1",
        "tape-cluster": "2.1.0",
        "thriftrw": "3.11.1",
        "xorshift": "0.2.1",
        "xtend": "4.0.1"
      },
      "dependencies": {
        "bytes": {
          "version": "3.0.0",
          "resolved": "https://registry.npmjs.org/bytes/-/bytes-3.0.0.tgz",
          "integrity": "sha1-0ygVQE1olpn4Wk6k+odV3ROpYEg="
        },
        "error": {
          "version": "7.0.2",
          "resolved": "https://registry.npmjs.org/error/-/error-7.0.2.tgz",
          "integrity": "sha1-pfdf/02ZJhJt2sDqXcOOaJFTywI=",
          "requires": {
            "string-template": "0.2.1",
            "xtend": "4.0.1"
          }
        },
        "farmhash": {
          "version": "1.1.0",
          "resolved": "https://registry.npmjs.org/farmhash/-/farmhash-1.1.0.tgz",
          "integrity": "sha1-8Qeb+4JOlg0wSthejfxa+zdA7ZI=",
          "requires": {
            "nan": "2.7.0"
          }
        },
        "raw-body": {
          "version": "2.3.2",
          "resolved": "https://registry.npmjs.org/raw-body/-/raw-body-2.3.2.tgz",
          "integrity": "sha1-vNYMd9Prk83gBQKVw/N5OJvIj4k=",
          "requires": {
            "bytes": "3.0.0",
            "http-errors": "1.6.2",
            "iconv-lite": "0.4.19",
            "unpipe": "1.0.0"
          }
        },
        "safe-json-parse": {
          "version": "4.0.0",
          "resolved": "https://registry.npmjs.org/safe-json-parse/-/safe-json-parse-4.0.0.tgz",
          "integrity": "sha1-fA9XjPzNEtM6ccDgVBPi7KFx6qw=",
          "requires": {
            "rust-result": "1.0.0"
          }
        }
      }
    },
    "thriftrw": {
      "version": "3.11.1",
      "resolved": "https://registry.npmjs.org/thriftrw/-/thriftrw-3.11.1.tgz",
      "integrity": "sha1-Wi9RZdZluxleZl5bW5+Il9rCOsw=",
      "requires": {
        "bufrw": "1.2.1",
        "error": "7.0.2",
        "long": "2.4.0"
      },
      "dependencies": {
        "error": {
          "version": "7.0.2",
          "resolved": "https://registry.npmjs.org/error/-/error-7.0.2.tgz",
          "integrity": "sha1-pfdf/02ZJhJt2sDqXcOOaJFTywI=",
          "requires": {
            "string-template": "0.2.1",
            "xtend": "4.0.1"
          }
        }
      }
    },
    "to-array": {
      "version": "0.1.4",
      "resolved": "https://registry.npmjs.org/to-array/-/to-array-0.1.4.tgz",
      "integrity": "sha1-F+bBH3PdTz10zaek/zI46a2b+JA="
    },
    "toobusy-js": {
      "version": "0.5.1",
      "resolved": "https://registry.npmjs.org/toobusy-js/-/toobusy-js-0.5.1.tgz",
      "integrity": "sha1-VRH3j2qHpqUS1E/bDvoTZyIX9lk="
    },
    "typemoq": {
      "version": "1.2.1",
      "resolved": "https://registry.npmjs.org/typemoq/-/typemoq-1.2.1.tgz",
      "integrity": "sha1-ylLRJxFOZ6A8BmkKNUO9yMaFxsM=",
      "dev": true,
      "requires": {
        "lodash": "4.17.4",
        "postinstall-build": "2.1.3"
      },
      "dependencies": {
        "lodash": {
          "version": "4.17.4",
          "resolved": "https://registry.npmjs.org/lodash/-/lodash-4.17.4.tgz",
          "integrity": "sha1-eCA6TRwyiuHYbcpkYONptX9AVa4=",
          "dev": true
        }
      }
    },
    "uid2": {
      "version": "0.0.3",
      "resolved": "https://registry.npmjs.org/uid2/-/uid2-0.0.3.tgz",
      "integrity": "sha1-SDEm4Rd03y9xuLY53NeZw3YWK4I="
    },
    "ultron": {
      "version": "1.0.2",
      "resolved": "https://registry.npmjs.org/ultron/-/ultron-1.0.2.tgz",
      "integrity": "sha1-rOEWq1V80Zc4ak6I9GhTeMiy5Po="
    },
    "underscore": {
      "version": "1.8.3",
      "resolved": "https://registry.npmjs.org/underscore/-/underscore-1.8.3.tgz",
      "integrity": "sha1-Tz+1OxBuYJf8+ctBCfKl6b36UCI="
    },
    "unpipe": {
      "version": "1.0.0",
      "resolved": "https://registry.npmjs.org/unpipe/-/unpipe-1.0.0.tgz",
      "integrity": "sha1-sr9O6FFKrmFltIF4KdIbLvSZBOw="
    },
    "utf8": {
      "version": "2.1.0",
      "resolved": "https://registry.npmjs.org/utf8/-/utf8-2.1.0.tgz",
      "integrity": "sha1-DP7FyAUtRKI+OqqQgQToB1+V39U="
    },
    "ws": {
      "version": "1.1.0",
      "resolved": "https://registry.npmjs.org/ws/-/ws-1.1.0.tgz",
      "integrity": "sha1-wdb9FRXTzv8fCuJ1m/X9dwMKrR0=",
      "requires": {
        "options": "0.0.6",
        "ultron": "1.0.2"
      }
    },
    "xmlhttprequest-ssl": {
      "version": "1.5.1",
      "resolved": "https://registry.npmjs.org/xmlhttprequest-ssl/-/xmlhttprequest-ssl-1.5.1.tgz",
      "integrity": "sha1-O3dB/qSoZnWXbpCNKW1ERZYfqmc="
    },
    "xorshift": {
      "version": "0.2.1",
      "resolved": "https://registry.npmjs.org/xorshift/-/xorshift-0.2.1.tgz",
      "integrity": "sha1-/NgiZ+k1HBPw+5xzMH8lMx0pxjo="
    },
    "xtend": {
      "version": "4.0.1",
      "resolved": "https://registry.npmjs.org/xtend/-/xtend-4.0.1.tgz",
      "integrity": "sha1-pcbVMr5lbiPbgg77lDofBJmNY68="
    },
    "yeast": {
      "version": "0.1.2",
      "resolved": "https://registry.npmjs.org/yeast/-/yeast-0.1.2.tgz",
      "integrity": "sha1-AI4G2AlDIMNy28L47XagymyKxBk="
    }
  }
}
